PODS:
  - connectivity_plus (0.0.1):
    - Flutter
    - Reachability
  - Flutter (1.0.0)
  - flutter_secure_storage (3.3.1):
    - Flutter
  - geolocator_apple (1.2.0):
    - Flutter
  - image_picker (0.0.1):
    - Flutter
  - MapLibre (5.12.1)
  - maplibre_gl (0.0.1):
    - Flutter
    - MapLibre (~> 5.12.1)
    - MapLibreAnnotationExtension (~> 0.0.1-beta.2)
  - MapLibreAnnotationExtension (0.0.1-beta.2):
    - MapLibre (~> 5.12.0)
  - maps_launcher (0.0.1):
    - Flutter
  - MTBBarcodeScanner (5.0.11)
  - package_info (0.0.1):
    - Flutter
  - path_provider (0.0.1):
    - Flutter
  - qr_code_scanner (0.2.0):
    - Flutter
    - MTBBarcodeScanner
  - Reachability (3.2)
  - shared_preferences (0.0.1):
    - Flutter
  - url_launcher (0.0.1):
    - Flutter

DEPENDENCIES:
  - connectivity_plus (from `.symlinks/plugins/connectivity_plus/ios`)
  - Flutter (from `Flutter`)
  - flutter_secure_storage (from `.symlinks/plugins/flutter_secure_storage/ios`)
  - geolocator_apple (from `.symlinks/plugins/geolocator_apple/ios`)
  - image_picker (from `.symlinks/plugins/image_picker/ios`)
  - MapLibre (from `https://github.com/m0nac0/maplibre-cocoapods.git`)
  - maplibre_gl (from `.symlinks/plugins/maplibre_gl/ios`)
  - MapLibreAnnotationExtension (from `https://github.com/m0nac0/maplibre-annotation-extension.git`)
  - maps_launcher (from `.symlinks/plugins/maps_launcher/ios`)
  - package_info (from `.symlinks/plugins/package_info/ios`)
  - path_provider (from `.symlinks/plugins/path_provider/ios`)
  - qr_code_scanner (from `.symlinks/plugins/qr_code_scanner/ios`)
  - shared_preferences (from `.symlinks/plugins/shared_preferences/ios`)
  - url_launcher (from `.symlinks/plugins/url_launcher/ios`)

SPEC REPOS:
  trunk:
    - MTBBarcodeScanner
    - Reachability

EXTERNAL SOURCES:
  connectivity_plus:
    :path: ".symlinks/plugins/connectivity_plus/ios"
  Flutter:
    :path: Flutter
  flutter_secure_storage:
    :path: ".symlinks/plugins/flutter_secure_storage/ios"
  geolocator_apple:
    :path: ".symlinks/plugins/geolocator_apple/ios"
  image_picker:
    :path: ".symlinks/plugins/image_picker/ios"
  MapLibre:
    :git: https://github.com/m0nac0/maplibre-cocoapods.git
  maplibre_gl:
    :path: ".symlinks/plugins/maplibre_gl/ios"
  MapLibreAnnotationExtension:
    :git: https://github.com/m0nac0/maplibre-annotation-extension.git
  maps_launcher:
    :path: ".symlinks/plugins/maps_launcher/ios"
  package_info:
    :path: ".symlinks/plugins/package_info/ios"
  path_provider:
    :path: ".symlinks/plugins/path_provider/ios"
  qr_code_scanner:
    :path: ".symlinks/plugins/qr_code_scanner/ios"
  shared_preferences:
    :path: ".symlinks/plugins/shared_preferences/ios"
  url_launcher:
    :path: ".symlinks/plugins/url_launcher/ios"

CHECKOUT OPTIONS:
  MapLibre:
    :commit: 552f0bf90755f6e00cb5882a5c0c89bd4d8633d0
    :git: https://github.com/m0nac0/maplibre-cocoapods.git
  MapLibreAnnotationExtension:
    :commit: d7dee65155fd50bfab7f94a484eac05ff09beea9
    :git: https://github.com/m0nac0/maplibre-annotation-extension.git

SPEC CHECKSUMS:
  connectivity_plus: 5f0eb61093bec56935f21a1699dd2758bc895587
  Flutter: 50d75fe2f02b26cc09d224853bb45737f8b3214a
  flutter_secure_storage: 7953c38a04c3fdbb00571bcd87d8e3b5ceb9daec
  geolocator_apple: b741765c55dc21950e3e106e8b3584e55cf81ce5
  image_picker: 50e7c7ff960e5f58faa4d1f4af84a771c671bc4a
  MapLibre: d9f0a2d2b0e0a83611bb7bcb03ef2bcd701efb56
  maplibre_gl: 9a036eeac06dcf153f84d90c33099fb40b7e15e0
  MapLibreAnnotationExtension: 6a76d7ea48a44953095fbf95331ac67c7f4fa0be
  maps_launcher: 2e5b6a2d664ec6c27f82ffa81b74228d770ab203
  MTBBarcodeScanner: f453b33c4b7dfe545d8c6484ed744d55671788cb
  package_info: 873975fc26034f0b863a300ad47e7f1ac6c7ec62
  path_provider: d1e9807085df1f9cc9318206cd649dc0b76be3de
  qr_code_scanner: bb67d64904c3b9658ada8c402e8b4d406d5d796e
  Reachability: 33e18b67625424e47b6cde6d202dce689ad7af96
  shared_preferences: 5033afbb22d372e15aff8ff766df9021b845f273
  url_launcher: b6e016d912f04be9f5bf6e8e82dc599b7ba59649

PODFILE CHECKSUM: f0b902f9ef6181437f65ba78f9f4013a240332b6

COCOAPODS: 1.11.2
