# @generated - this file is auto-generated by `mise lock` https://mise.en.dev/dev-tools/mise-lock.html

[[tools.docker-cli]]
version = "29.6.2"
backend = "aqua:docker/cli"

[tools.docker-cli."platforms.linux-arm64"]
url = "https://download.docker.com/linux/static/stable/aarch64/docker-29.6.2.tgz"

[tools.docker-cli."platforms.linux-arm64-musl"]
url = "https://download.docker.com/linux/static/stable/aarch64/docker-29.6.2.tgz"

[tools.docker-cli."platforms.linux-x64"]
url = "https://download.docker.com/linux/static/stable/x86_64/docker-29.6.2.tgz"

[tools.docker-cli."platforms.linux-x64-musl"]
url = "https://download.docker.com/linux/static/stable/x86_64/docker-29.6.2.tgz"

[tools.docker-cli."platforms.macos-arm64"]
checksum = "blake3:064dc02f39e423316a443a65c30e74b503145118926d21fc372dbd620173a278"
url = "https://download.docker.com/mac/static/stable/aarch64/docker-29.6.2.tgz"

[tools.docker-cli."platforms.macos-x64"]
url = "https://download.docker.com/mac/static/stable/x86_64/docker-29.6.2.tgz"

[tools.docker-cli."platforms.windows-x64"]
url = "https://download.docker.com/win/static/stable/x86_64/docker-29.6.2.zip"

[[tools.docker-compose]]
version = "5.3.1"
backend = "aqua:docker/compose"

[tools.docker-compose."platforms.linux-arm64"]
checksum = "sha256:aa611e811d0ea25897839c404bfb5bf93ce706dc51c500a4457890f5d0606a86"
url = "https://github.com/docker/compose/releases/download/v5.3.1/docker-compose-linux-aarch64"
url_api = "https://api.github.com/repos/docker/compose/releases/assets/469146957"
provenance = "cosign"

[tools.docker-compose."platforms.linux-arm64-musl"]
checksum = "sha256:aa611e811d0ea25897839c404bfb5bf93ce706dc51c500a4457890f5d0606a86"
url = "https://github.com/docker/compose/releases/download/v5.3.1/docker-compose-linux-aarch64"
url_api = "https://api.github.com/repos/docker/compose/releases/assets/469146957"
provenance = "cosign"

[tools.docker-compose."platforms.linux-x64"]
checksum = "sha256:f9ebc6ebdb19d769b793c245a736caaeb198c62587f13b25c660c13b4987f959"
url = "https://github.com/docker/compose/releases/download/v5.3.1/docker-compose-linux-x86_64"
url_api = "https://api.github.com/repos/docker/compose/releases/assets/469146925"
provenance = "cosign"

[tools.docker-compose."platforms.linux-x64-musl"]
checksum = "sha256:f9ebc6ebdb19d769b793c245a736caaeb198c62587f13b25c660c13b4987f959"
url = "https://github.com/docker/compose/releases/download/v5.3.1/docker-compose-linux-x86_64"
url_api = "https://api.github.com/repos/docker/compose/releases/assets/469146925"
provenance = "cosign"

[tools.docker-compose."platforms.macos-arm64"]
checksum = "sha256:32691ba1196d819fa68cbdc0aad9a5569e730a35ae40c6fdd8458110ecd69488"
url = "https://github.com/docker/compose/releases/download/v5.3.1/docker-compose-darwin-aarch64"
url_api = "https://api.github.com/repos/docker/compose/releases/assets/469146961"
provenance = "cosign"

[tools.docker-compose."platforms.macos-x64"]
checksum = "sha256:56620a2e87e789147b9b1cc5d37eeecec2332e2cdf5c2d58a68f999f2dc416ca"
url = "https://github.com/docker/compose/releases/download/v5.3.1/docker-compose-darwin-x86_64"
url_api = "https://api.github.com/repos/docker/compose/releases/assets/469146966"
provenance = "cosign"

[tools.docker-compose."platforms.windows-x64"]
checksum = "sha256:6d36cc701393c066d67ebc77773b718d8c738bc4ccb350fbf1dc0e6a09f44cb9"
url = "https://github.com/docker/compose/releases/download/v5.3.1/docker-compose-windows-x86_64.exe"
url_api = "https://api.github.com/repos/docker/compose/releases/assets/469146923"
provenance = "cosign"

[[tools."github:CircleCI-Public/circleci-cli"]]
version = "1.0.47471"
backend = "github:CircleCI-Public/circleci-cli"

[tools."github:CircleCI-Public/circleci-cli"."platforms.linux-arm64"]
checksum = "sha256:9baf45cc2e7b04fefc8261a72cde92ed12f76b59cba14496e7c89c4b752fcf84"
url = "https://github.com/CircleCI-Public/circleci-cli/releases/download/v1.0.47471/circleci-cli_1.0.47471_linux_arm64.tar.gz"
url_api = "https://api.github.com/repos/CircleCI-Public/circleci-cli/releases/assets/505347257"

[tools."github:CircleCI-Public/circleci-cli"."platforms.linux-arm64-musl"]
checksum = "sha256:9baf45cc2e7b04fefc8261a72cde92ed12f76b59cba14496e7c89c4b752fcf84"
url = "https://github.com/CircleCI-Public/circleci-cli/releases/download/v1.0.47471/circleci-cli_1.0.47471_linux_arm64.tar.gz"
url_api = "https://api.github.com/repos/CircleCI-Public/circleci-cli/releases/assets/505347257"

[tools."github:CircleCI-Public/circleci-cli"."platforms.linux-x64"]
checksum = "sha256:0831fa38d0d51624f5a5720424351b85eaeec6ef0d0c589b3f0e9a84945e0fda"
url = "https://github.com/CircleCI-Public/circleci-cli/releases/download/v1.0.47471/circleci-cli_1.0.47471_linux_amd64.tar.gz"
url_api = "https://api.github.com/repos/CircleCI-Public/circleci-cli/releases/assets/505347262"

[tools."github:CircleCI-Public/circleci-cli"."platforms.linux-x64-musl"]
checksum = "sha256:0831fa38d0d51624f5a5720424351b85eaeec6ef0d0c589b3f0e9a84945e0fda"
url = "https://github.com/CircleCI-Public/circleci-cli/releases/download/v1.0.47471/circleci-cli_1.0.47471_linux_amd64.tar.gz"
url_api = "https://api.github.com/repos/CircleCI-Public/circleci-cli/releases/assets/505347262"

[tools."github:CircleCI-Public/circleci-cli"."platforms.macos-arm64"]
checksum = "sha256:6b6240d48fc9623955fe433bf8d805c5618847909a48238380e53f3539c5168f"
url = "https://github.com/CircleCI-Public/circleci-cli/releases/download/v1.0.47471/circleci-cli_1.0.47471_darwin_arm64.tar.gz"
url_api = "https://api.github.com/repos/CircleCI-Public/circleci-cli/releases/assets/505347259"

[tools."github:CircleCI-Public/circleci-cli"."platforms.macos-x64"]
checksum = "sha256:7bf2b31197dcb6df108b6dbaf738901969fb1c78710d56925b4bfa40ff0d34e0"
url = "https://github.com/CircleCI-Public/circleci-cli/releases/download/v1.0.47471/circleci-cli_1.0.47471_darwin_amd64.tar.gz"
url_api = "https://api.github.com/repos/CircleCI-Public/circleci-cli/releases/assets/505347258"

[tools."github:CircleCI-Public/circleci-cli"."platforms.windows-x64"]
checksum = "sha256:3fb392145741542db46862ae5f069278100af161b2ff21cef9589b052bffc69c"
url = "https://github.com/CircleCI-Public/circleci-cli/releases/download/v1.0.47471/circleci-cli_1.0.47471_windows_amd64.zip"
url_api = "https://api.github.com/repos/CircleCI-Public/circleci-cli/releases/assets/505347263"

[[tools.node]]
version = "26.5.0"
backend = "core:node"

[tools.node."platforms.linux-arm64"]
checksum = "sha256:308e5fe89a82461ba5a6cf15ff5221b2cdbd7ae87600aa72bb3c3fbdc66412d1"
url = "https://nodejs.org/dist/v26.5.0/node-v26.5.0-linux-arm64.tar.gz"

[tools.node."platforms.linux-arm64-musl"]
checksum = "sha256:1ab31aef6561191693f366cacd75bbcefa0301e49a18bc05554c21893bbdb490"
url = "https://unofficial-builds.nodejs.org/download/release/v26.5.0/node-v26.5.0-linux-arm64-musl.tar.gz"

[tools.node."platforms.linux-x64"]
checksum = "sha256:22b5f47ad6ae78837e4c2b846019965ce1a06ba143de176102294a1bf44fc677"
url = "https://nodejs.org/dist/v26.5.0/node-v26.5.0-linux-x64.tar.gz"

[tools.node."platforms.linux-x64-musl"]
checksum = "sha256:00f1398411a4216c5a6ecaad3b825a0da5ec00e79ee8c173ab65a094d97b9ad8"
url = "https://unofficial-builds.nodejs.org/download/release/v26.5.0/node-v26.5.0-linux-x64-musl.tar.gz"

[tools.node."platforms.macos-arm64"]
checksum = "sha256:ee920559aaa2391569cff4d737e3b83963430e3a14dedd91bfe0ff53171b5af9"
url = "https://nodejs.org/dist/v26.5.0/node-v26.5.0-darwin-arm64.tar.gz"

[tools.node."platforms.macos-x64"]
checksum = "sha256:98293394c945a24e64e00b4177bf075ec963ea70b34d1d2e24bd4a71716d334f"
url = "https://nodejs.org/dist/v26.5.0/node-v26.5.0-darwin-x64.tar.gz"

[tools.node."platforms.windows-x64"]
checksum = "sha256:d3b2277dbcccfdf24ef6302928f64f484cff1d77a6d3caa3a28f4d20ce9158f6"
url = "https://nodejs.org/dist/v26.5.0/node-v26.5.0-win-x64.zip"

[[tools.npm]]
version = "11.18.0"
backend = "aqua:npm/cli"

[tools.npm."platforms.linux-arm64"]
url = "https://registry.npmjs.org/npm/-/npm-11.18.0.tgz"

[tools.npm."platforms.linux-arm64-musl"]
url = "https://registry.npmjs.org/npm/-/npm-11.18.0.tgz"

[tools.npm."platforms.linux-x64"]
url = "https://registry.npmjs.org/npm/-/npm-11.18.0.tgz"

[tools.npm."platforms.linux-x64-musl"]
url = "https://registry.npmjs.org/npm/-/npm-11.18.0.tgz"

[tools.npm."platforms.macos-arm64"]
checksum = "blake3:c92efa20f653b0179689b4e788f0a31e48fe2c855bb9a4d52066d5cdaf7aae0e"
url = "https://registry.npmjs.org/npm/-/npm-11.18.0.tgz"

[tools.npm."platforms.macos-x64"]
url = "https://registry.npmjs.org/npm/-/npm-11.18.0.tgz"
